
Microsoft Visual Studio Solution File, Format Version 12.00
# Visual Studio Version 17
VisualStudioVersion = 17.0.31919.166
MinimumVisualStudioVersion = 10.0.40219.1
Project("{FAE04EC0-301F-11D3-BF4B-00C04F79EFBC}") = "TestesDesignPatterns", "TestesDesignPatterns\TestesDesignPatterns.csproj", "{2AB1B8CF-73DD-4F34-B04E-7BBBE97DE656}"
EndProject
Global
	GlobalSection(SolutionConfigurationPlatforms) = preSolution
		Debug|Any CPU = Debug|Any CPU
		Release|Any CPU = Release|Any CPU
	EndGlobalSection
	GlobalSection(ProjectConfigurationPlatforms) = postSolution
		{2AB1B8CF-73DD-4F34-B04E-7BBBE97DE656}.Debug|Any CPU.ActiveCfg = Debug|Any CPU
		{2AB1B8CF-73DD-4F34-B04E-7BBBE97DE656}.Debug|Any CPU.Build.0 = Debug|Any CPU
		{2AB1B8CF-73DD-4F34-B04E-7BBBE97DE656}.Release|Any CPU.ActiveCfg = Release|Any CPU
		{2AB1B8CF-73DD-4F34-B04E-7BBBE97DE656}.Release|Any CPU.Build.0 = Release|Any CPU
	EndGlobalSection
	GlobalSection(SolutionProperties) = preSolution
		HideSolutionNode = FALSE
	EndGlobalSection
	GlobalSection(ExtensibilityGlobals) = postSolution
		SolutionGuid = {2661E06E-44F6-4CB1-949E-0D91A0491952}
	EndGlobalSection
EndGlobal
